{
  "version": 4,
  "terraform_version": "1.12.2",
  "serial": 18,
  "lineage": "d5a978d1-2aa7-3a49-1c4a-6fcef1ff2df9",
  "outputs": {},
  "resources": [
    {
      "mode": "data",
      "type": "template_file",
      "name": "cloudinit",
      "provider": "provider[\"registry.terraform.io/hashicorp/template\"]",
      "instances": [
        {
          "schema_version": 0,
          "attributes": {
            "filename": null,
            "id": "b96172bd84147ad6487e1511a14e8dd37e5abd19fd835d43284f4a9d650bddf7",
            "rendered": "#cloud-config\n\nusers:\n  - name: ubuntu\n    groups: sudo\n    shell: /bin/bash\n    sudo: ALL=(ALL) NOPASSWD:ALL\n    ssh-authorized-keys:\n      - ssh-rsa AAAAB3NzaC1yc2EAAAADAQABAAABAQCwYfrRk7zCzRLlOkwksIJjun5QlKlaqZ1LSh5a1R3Yu8XBDqiedG/jBT7mf4U8OhNIW0AT4FfeLlQtZpba2SDc17Lo4ug2BFc4o50ryG8Mphgyfxy4yc+xhETkOuyWnukG4yCtQqkO98uFCOd29U67I4ErtcATmxLZBc4jBHVbEDdgcMFHxTC60EMUxA5/EEaXBrUofVyJA8eznFQzakkffLcwACaOZdDGJVHSw0mx3DOODm40/LOJLQgcjkKvZCIo43c1VJVZ3oZPHCnP759ZIlt4WC8yAINwNiDB4qcUZAvU0Ohr6LEQwbEwPwY+kEsWz2msPWK6SOfoqthmSQpZ\n\npackages:\n  - nginx\n\nruncmd:\n  - systemctl enable nginx\n  - systemctl start nginx\n",
            "template": "#cloud-config\n\nusers:\n  - name: ubuntu\n    groups: sudo\n    shell: /bin/bash\n    sudo: ALL=(ALL) NOPASSWD:ALL\n    ssh-authorized-keys:\n      - ${ssh_key}\n\npackages:\n  - nginx\n\nruncmd:\n  - systemctl enable nginx\n  - systemctl start nginx\n",
            "vars": {
              "ssh_key": "ssh-rsa AAAAB3NzaC1yc2EAAAADAQABAAABAQCwYfrRk7zCzRLlOkwksIJjun5QlKlaqZ1LSh5a1R3Yu8XBDqiedG/jBT7mf4U8OhNIW0AT4FfeLlQtZpba2SDc17Lo4ug2BFc4o50ryG8Mphgyfxy4yc+xhETkOuyWnukG4yCtQqkO98uFCOd29U67I4ErtcATmxLZBc4jBHVbEDdgcMFHxTC60EMUxA5/EEaXBrUofVyJA8eznFQzakkffLcwACaOZdDGJVHSw0mx3DOODm40/LOJLQgcjkKvZCIo43c1VJVZ3oZPHCnP759ZIlt4WC8yAINwNiDB4qcUZAvU0Ohr6LEQwbEwPwY+kEsWz2msPWK6SOfoqthmSQpZ"
            }
          },
          "sensitive_attributes": [],
          "identity_schema_version": 0
        }
      ]
    },
    {
      "module": "module.analytics-vm",
      "mode": "data",
      "type": "yandex_compute_image",
      "name": "my_image",
      "provider": "provider[\"registry.terraform.io/yandex-cloud/yandex\"]",
      "instances": [
        {
          "schema_version": 0,
          "attributes": {
            "created_at": "2026-09-07T18:37:05Z",
            "description": "Ubuntu 20.04 lts v20260812085008",
            "family": "ubuntu-2004-lts",
            "folder_id": "standard-images",
            "hardware_generation": [
              {
                "generation2_features": [],
                "legacy_features": [
                  {
                    "pci_topology": "PCI_TOPOLOGY_V2"
                  }
                ]
              }
            ],
            "id": "fd8d650r6ltlbbctfqa0",
            "image_id": "fd8d650r6ltlbbctfqa0",
            "kms_key_id": null,
            "labels": {
              "version": "20260812085008",
              "x-hopper-operation-id": "d9pe1gu8p1vbsitaavt1",
              "x-hopper-source-image-id": "fd8gam8e46hiuvmr1tvb"
            },
            "min_disk_size": 5,
            "name": "ubuntu-20-04-lts-v20260907",
            "os_type": "linux",
            "pooled": true,
            "product_ids": [
              "f2ep103forlbiej364e8"
            ],
            "size": 2,
            "status": "ready"
          },
          "sensitive_attributes": [],
          "identity_schema_version": 0
        }
      ]
    },
    {
      "module": "module.analytics-vm",
      "mode": "managed",
      "type": "yandex_compute_instance",
      "name": "vm",
      "provider": "provider[\"registry.terraform.io/yandex-cloud/yandex\"]",
      "instances": [
        {
          "index_key": 0,
          "schema_version": 1,
          "attributes": {
            "allow_recreate": null,
            "allow_stopping_for_update": true,
            "boot_disk": [
              {
                "auto_delete": true,
                "device_name": "fhmrr8dnug5tpaerkbjm",
                "disk_id": "fhmrr8dnug5tpaerkbjm",
                "initialize_params": [
                  {
                    "block_size": 4096,
                    "description": "",
                    "image_id": "fd8d650r6ltlbbctfqa0",
                    "kms_key_id": "",
                    "name": "",
                    "size": 10,
                    "snapshot_id": "",
                    "type": "network-hdd"
                  }
                ],
                "mode": "READ_WRITE"
              }
            ],
            "created_at": "2026-09-13T22:30:39Z",
            "description": "TODO: description; {{terraform yyy managed}}",
            "filesystem": [],
            "folder_id": "b1g1gk2r0ms72k69bjin",
            "fqdn": "develop-analytics-0.ru-central1.internal",
            "gpu_cluster_id": "",
            "hardware_generation": [
              {
                "generation2_features": [],
                "legacy_features": [
                  {
                    "pci_topology": "PCI_TOPOLOGY_V2"
                  }
                ]
              }
            ],
            "hostname": "develop-analytics-0",
            "id": "fhmrsjj0crj24glbqlqj",
            "labels": {
              "project": "analytics"
            },
            "local_disk": [],
            "maintenance_grace_period": "",
            "maintenance_policy": null,
            "metadata": {
              "serial-port-enable": "1",
              "user-data": "#cloud-config\n\nusers:\n  - name: ubuntu\n    groups: sudo\n    shell: /bin/bash\n    sudo: ALL=(ALL) NOPASSWD:ALL\n    ssh-authorized-keys:\n      - ssh-rsa AAAAB3NzaC1yc2EAAAADAQABAAABAQCwYfrRk7zCzRLlOkwksIJjun5QlKlaqZ1LSh5a1R3Yu8XBDqiedG/jBT7mf4U8OhNIW0AT4FfeLlQtZpba2SDc17Lo4ug2BFc4o50ryG8Mphgyfxy4yc+xhETkOuyWnukG4yCtQqkO98uFCOd29U67I4ErtcATmxLZBc4jBHVbEDdgcMFHxTC60EMUxA5/EEaXBrUofVyJA8eznFQzakkffLcwACaOZdDGJVHSw0mx3DOODm40/LOJLQgcjkKvZCIo43c1VJVZ3oZPHCnP759ZIlt4WC8yAINwNiDB4qcUZAvU0Ohr6LEQwbEwPwY+kEsWz2msPWK6SOfoqthmSQpZ\n\npackages:\n  - nginx\n\nruncmd:\n  - systemctl enable nginx\n  - systemctl start nginx\n"
            },
            "metadata_options": [
              {
                "aws_v1_http_endpoint": 1,
                "aws_v1_http_token": 2,
                "aws_v2_http_endpoint": 1,
                "aws_v2_http_token": 1,
                "gce_http_endpoint": 1,
                "gce_http_token": 1
              }
            ],
            "name": "develop-analytics-0",
            "network_acceleration_type": "standard",
            "network_interface": [
              {
                "dns_record": [],
                "index": 0,
                "ip_address": "10.0.1.18",
                "ipv4": true,
                "ipv6": false,
                "ipv6_address": "",
                "ipv6_dns_record": [],
                "mac_address": "d0:0d:1b:e4:e6:06",
                "nat": true,
                "nat_dns_record": [],
                "nat_ip_address": "51.250.0.139",
                "nat_ip_version": "IPV4",
                "security_group_ids": null,
                "subnet_id": "e9boha3hd6ve5is4hdvb"
              }
            ],
            "placement_policy": [
              {
                "host_affinity_rules": [],
                "placement_group_id": "",
                "placement_group_partition": 0
              }
            ],
            "platform_id": "standard-v1",
            "reserved_instance_pool_id": "",
            "resources": [
              {
                "core_fraction": 5,
                "cores": 2,
                "gpus": 0,
                "memory": 1
              }
            ],
            "scheduling_policy": [
              {
                "preemptible": true
              }
            ],
            "secondary_disk": [],
            "service_account_id": "",
            "status": "running",
            "timeouts": null,
            "zone": "ru-central1-a"
          },
          "sensitive_attributes": [],
          "identity_schema_version": 0,
          "private": "eyJlMmJmYjczMC1lY2FhLTExZTYtOGY4OC0zNDM2M2JjN2M0YzAiOnsiY3JlYXRlIjozMDAwMDAwMDAwMDAsImRlbGV0ZSI6MzAwMDAwMDAwMDAwLCJ1cGRhdGUiOjMwMDAwMDAwMDAwMH0sInNjaGVtYV92ZXJzaW9uIjoiMSJ9"
        }
      ]
    },
    {
      "module": "module.marketing-vm",
      "mode": "data",
      "type": "yandex_compute_image",
      "name": "my_image",
      "provider": "provider[\"registry.terraform.io/yandex-cloud/yandex\"]",
      "instances": [
        {
          "schema_version": 0,
          "attributes": {
            "created_at": "2026-09-07T18:37:05Z",
            "description": "Ubuntu 20.04 lts v20260812085008",
            "family": "ubuntu-2004-lts",
            "folder_id": "standard-images",
            "hardware_generation": [
              {
                "generation2_features": [],
                "legacy_features": [
                  {
                    "pci_topology": "PCI_TOPOLOGY_V2"
                  }
                ]
              }
            ],
            "id": "fd8d650r6ltlbbctfqa0",
            "image_id": "fd8d650r6ltlbbctfqa0",
            "kms_key_id": null,
            "labels": {
              "version": "20260812085008",
              "x-hopper-operation-id": "d9pe1gu8p1vbsitaavt1",
              "x-hopper-source-image-id": "fd8gam8e46hiuvmr1tvb"
            },
            "min_disk_size": 5,
            "name": "ubuntu-20-04-lts-v20260907",
            "os_type": "linux",
            "pooled": true,
            "product_ids": [
              "f2ep103forlbiej364e8"
            ],
            "size": 2,
            "status": "ready"
          },
          "sensitive_attributes": [],
          "identity_schema_version": 0
        }
      ]
    },
    {
      "module": "module.marketing-vm",
      "mode": "managed",
      "type": "yandex_compute_instance",
      "name": "vm",
      "provider": "provider[\"registry.terraform.io/yandex-cloud/yandex\"]",
      "instances": [
        {
          "index_key": 0,
          "schema_version": 1,
          "attributes": {
            "allow_recreate": null,
            "allow_stopping_for_update": true,
            "boot_disk": [
              {
                "auto_delete": true,
                "device_name": "fhm9l2qphvv6fc1m4nkb",
                "disk_id": "fhm9l2qphvv6fc1m4nkb",
                "initialize_params": [
                  {
                    "block_size": 4096,
                    "description": "",
                    "image_id": "fd8d650r6ltlbbctfqa0",
                    "kms_key_id": "",
                    "name": "",
                    "size": 10,
                    "snapshot_id": "",
                    "type": "network-hdd"
                  }
                ],
                "mode": "READ_WRITE"
              }
            ],
            "created_at": "2026-09-13T22:30:39Z",
            "description": "TODO: description; {{terraform yyy managed}}",
            "filesystem": [],
            "folder_id": "b1g1gk2r0ms72k69bjin",
            "fqdn": "develop-marketing-0.ru-central1.internal",
            "gpu_cluster_id": "",
            "hardware_generation": [
              {
                "generation2_features": [],
                "legacy_features": [
                  {
                    "pci_topology": "PCI_TOPOLOGY_V2"
                  }
                ]
              }
            ],
            "hostname": "develop-marketing-0",
            "id": "fhm7buvpuhdkhuc4qedi",
            "labels": {
              "project": "marketing"
            },
            "local_disk": [],
            "maintenance_grace_period": "",
            "maintenance_policy": null,
            "metadata": {
              "serial-port-enable": "1",
              "user-data": "#cloud-config\n\nusers:\n  - name: ubuntu\n    groups: sudo\n    shell: /bin/bash\n    sudo: ALL=(ALL) NOPASSWD:ALL\n    ssh-authorized-keys:\n      - ssh-rsa AAAAB3NzaC1yc2EAAAADAQABAAABAQCwYfrRk7zCzRLlOkwksIJjun5QlKlaqZ1LSh5a1R3Yu8XBDqiedG/jBT7mf4U8OhNIW0AT4FfeLlQtZpba2SDc17Lo4ug2BFc4o50ryG8Mphgyfxy4yc+xhETkOuyWnukG4yCtQqkO98uFCOd29U67I4ErtcATmxLZBc4jBHVbEDdgcMFHxTC60EMUxA5/EEaXBrUofVyJA8eznFQzakkffLcwACaOZdDGJVHSw0mx3DOODm40/LOJLQgcjkKvZCIo43c1VJVZ3oZPHCnP759ZIlt4WC8yAINwNiDB4qcUZAvU0Ohr6LEQwbEwPwY+kEsWz2msPWK6SOfoqthmSQpZ\n\npackages:\n  - nginx\n\nruncmd:\n  - systemctl enable nginx\n  - systemctl start nginx\n"
            },
            "metadata_options": [
              {
                "aws_v1_http_endpoint": 1,
                "aws_v1_http_token": 2,
                "aws_v2_http_endpoint": 1,
                "aws_v2_http_token": 1,
                "gce_http_endpoint": 1,
                "gce_http_token": 1
              }
            ],
            "name": "develop-marketing-0",
            "network_acceleration_type": "standard",
            "network_interface": [
              {
                "dns_record": [],
                "index": 0,
                "ip_address": "10.0.1.8",
                "ipv4": true,
                "ipv6": false,
                "ipv6_address": "",
                "ipv6_dns_record": [],
                "mac_address": "d0:0d:75:fb:f9:f4",
                "nat": true,
                "nat_dns_record": [],
                "nat_ip_address": "46.21.247.253",
                "nat_ip_version": "IPV4",
                "security_group_ids": null,
                "subnet_id": "e9boha3hd6ve5is4hdvb"
              }
            ],
            "placement_policy": [
              {
                "host_affinity_rules": [],
                "placement_group_id": "",
                "placement_group_partition": 0
              }
            ],
            "platform_id": "standard-v1",
            "reserved_instance_pool_id": "",
            "resources": [
              {
                "core_fraction": 5,
                "cores": 2,
                "gpus": 0,
                "memory": 1
              }
            ],
            "scheduling_policy": [
              {
                "preemptible": true
              }
            ],
            "secondary_disk": [],
            "service_account_id": "",
            "status": "running",
            "timeouts": null,
            "zone": "ru-central1-a"
          },
          "sensitive_attributes": [],
          "identity_schema_version": 0,
          "private": "eyJlMmJmYjczMC1lY2FhLTExZTYtOGY4OC0zNDM2M2JjN2M0YzAiOnsiY3JlYXRlIjozMDAwMDAwMDAwMDAsImRlbGV0ZSI6MzAwMDAwMDAwMDAwLCJ1cGRhdGUiOjMwMDAwMDAwMDAwMH0sInNjaGVtYV92ZXJzaW9uIjoiMSJ9"
        }
      ]
    },
    {
      "module": "module.vpc_dev",
      "mode": "managed",
      "type": "yandex_vpc_network",
      "name": "this",
      "provider": "provider[\"registry.terraform.io/yandex-cloud/yandex\"]",
      "instances": [
        {
          "schema_version": 0,
          "attributes": {
            "created_at": "2026-09-13T22:12:10Z",
            "default_security_group_id": "enpj1re6r4a80j4n6bj5",
            "description": "",
            "folder_id": "b1g1gk2r0ms72k69bjin",
            "id": "enppfqr1r03468cbd08p",
            "labels": {},
            "name": "develop",
            "subnet_ids": [
              "e9boha3hd6ve5is4hdvb"
            ],
            "timeouts": null
          },
          "sensitive_attributes": [],
          "identity_schema_version": 0,
          "private": "eyJlMmJmYjczMC1lY2FhLTExZTYtOGY4OC0zNDM2M2JjN2M0YzAiOnsiY3JlYXRlIjo2MDAwMDAwMDAwMCwiZGVsZXRlIjo2MDAwMDAwMDAwMCwidXBkYXRlIjo2MDAwMDAwMDAwMH19"
        }
      ]
    },
    {
      "module": "module.vpc_dev",
      "mode": "managed",
      "type": "yandex_vpc_subnet",
      "name": "this",
      "provider": "provider[\"registry.terraform.io/yandex-cloud/yandex\"]",
      "instances": [
        {
          "schema_version": 0,
          "attributes": {
            "created_at": "2026-09-13T22:12:11Z",
            "description": "",
            "dhcp_options": [],
            "folder_id": "b1g1gk2r0ms72k69bjin",
            "id": "e9boha3hd6ve5is4hdvb",
            "labels": {},
            "name": "develop",
            "network_id": "enppfqr1r03468cbd08p",
            "route_table_id": "",
            "timeouts": null,
            "v4_cidr_blocks": [
              "10.0.1.0/24"
            ],
            "v6_cidr_blocks": [],
            "zone": "ru-central1-a"
          },
          "sensitive_attributes": [],
          "identity_schema_version": 0,
          "private": "eyJlMmJmYjczMC1lY2FhLTExZTYtOGY4OC0zNDM2M2JjN2M0YzAiOnsiY3JlYXRlIjoxODAwMDAwMDAwMDAsImRlbGV0ZSI6MTgwMDAwMDAwMDAwLCJ1cGRhdGUiOjE4MDAwMDAwMDAwMH19"
        }
      ]
    }
  ],
  "check_results": [
    {
      "object_kind": "var",
      "config_addr": "module.marketing-vm.var.platform",
      "status": "pass",
      "objects": [
        {
          "object_addr": "module.marketing-vm.var.platform",
          "status": "pass"
        }
      ]
    },
    {
      "object_kind": "var",
      "config_addr": "module.analytics-vm.var.platform",
      "status": "pass",
      "objects": [
        {
          "object_addr": "module.analytics-vm.var.platform",
          "status": "pass"
        }
      ]
    }
  ]
}
